
Microsoft Visual Studio Solution File, Format Version 12.00
# Visual Studio Version 17
VisualStudioVersion = 17.7.34024.191
MinimumVisualStudioVersion = 10.0.40219.1
Project("{9A19103F-16F7-4668-BE54-9A1E7A4F7556}") = "AdvSol", "AdvSol\AdvSol.csproj", "{5B292374-96A8-4227-8716-9FDD8103623E}"
EndProject
Project("{FAE04EC0-301F-11D3-BF4B-00C04F79EFBC}") = "AdvSol.Tests", "AdvSol.Tests\AdvSol.Tests.csproj", "{07CE45F2-F06E-4005-B4C4-B9D905AAC312}"
EndProject
Global
	GlobalSection(SolutionConfigurationPlatforms) = preSolution
		Debug|Any CPU = Debug|Any CPU
		Release|Any CPU = Release|Any CPU
	EndGlobalSection
	GlobalSection(ProjectConfigurationPlatforms) = postSolution
		{5B292374-96A8-4227-8716-9FDD8103623E}.Debug|Any CPU.ActiveCfg = Debug|Any CPU
		{5B292374-96A8-4227-8716-9FDD8103623E}.Debug|Any CPU.Build.0 = Debug|Any CPU
		{5B292374-96A8-4227-8716-9FDD8103623E}.Release|Any CPU.ActiveCfg = Release|Any CPU
		{5B292374-96A8-4227-8716-9FDD8103623E}.Release|Any CPU.Build.0 = Release|Any CPU
		{07CE45F2-F06E-4005-B4C4-B9D905AAC312}.Debug|Any CPU.ActiveCfg = Debug|Any CPU
		{07CE45F2-F06E-4005-B4C4-B9D905AAC312}.Debug|Any CPU.Build.0 = Debug|Any CPU
		{07CE45F2-F06E-4005-B4C4-B9D905AAC312}.Release|Any CPU.ActiveCfg = Release|Any CPU
		{07CE45F2-F06E-4005-B4C4-B9D905AAC312}.Release|Any CPU.Build.0 = Release|Any CPU
	EndGlobalSection
	GlobalSection(SolutionProperties) = preSolution
		HideSolutionNode = FALSE
	EndGlobalSection
	GlobalSection(ExtensibilityGlobals) = postSolution
		SolutionGuid = {C86C694D-A9A0-42AD-8E4A-7321BBB5D7B1}
	EndGlobalSection
EndGlobal
